
Microsoft Visual Studio Solution File, Format Version 12.00
# Visual Studio Version 16
VisualStudioVersion = 16.0.31624.102
MinimumVisualStudioVersion = 10.0.40219.1
Project("{FAE04EC0-301F-11D3-BF4B-00C04F79EFBC}") = "21_EvenRange", "21_EvenRange.csproj", "{DC3F758A-C04B-4617-8572-AF932A97BAFA}"
EndProject
Global
	GlobalSection(SolutionConfigurationPlatforms) = preSolution
		Debug|Any CPU = Debug|Any CPU
		Release|Any CPU = Release|Any CPU
	EndGlobalSection
	GlobalSection(ProjectConfigurationPlatforms) = postSolution
		{DC3F758A-C04B-4617-8572-AF932A97BAFA}.Debug|Any CPU.ActiveCfg = Debug|Any CPU
		{DC3F758A-C04B-4617-8572-AF932A97BAFA}.Debug|Any CPU.Build.0 = Debug|Any CPU
		{DC3F758A-C04B-4617-8572-AF932A97BAFA}.Release|Any CPU.ActiveCfg = Release|Any CPU
		{DC3F758A-C04B-4617-8572-AF932A97BAFA}.Release|Any CPU.Build.0 = Release|Any CPU
	EndGlobalSection
	GlobalSection(SolutionProperties) = preSolution
		HideSolutionNode = FALSE
	EndGlobalSection
	GlobalSection(ExtensibilityGlobals) = postSolution
		SolutionGuid = {80BCA828-496E-477E-886E-0EADBEECD1DC}
	EndGlobalSection
EndGlobal
