
Microsoft Visual Studio Solution File, Format Version 12.00
# Visual Studio Version 16
VisualStudioVersion = 16.0.31624.102
MinimumVisualStudioVersion = 10.0.40219.1
Project("{FAE04EC0-301F-11D3-BF4B-00C04F79EFBC}") = "Tax18", "Tax18.csproj", "{8B2B1348-0D03-4AC4-BEB5-0C39244FFE99}"
EndProject
Global
	GlobalSection(SolutionConfigurationPlatforms) = preSolution
		Debug|Any CPU = Debug|Any CPU
		Release|Any CPU = Release|Any CPU
	EndGlobalSection
	GlobalSection(ProjectConfigurationPlatforms) = postSolution
		{8B2B1348-0D03-4AC4-BEB5-0C39244FFE99}.Debug|Any CPU.ActiveCfg = Debug|Any CPU
		{8B2B1348-0D03-4AC4-BEB5-0C39244FFE99}.Debug|Any CPU.Build.0 = Debug|Any CPU
		{8B2B1348-0D03-4AC4-BEB5-0C39244FFE99}.Release|Any CPU.ActiveCfg = Release|Any CPU
		{8B2B1348-0D03-4AC4-BEB5-0C39244FFE99}.Release|Any CPU.Build.0 = Release|Any CPU
	EndGlobalSection
	GlobalSection(SolutionProperties) = preSolution
		HideSolutionNode = FALSE
	EndGlobalSection
	GlobalSection(ExtensibilityGlobals) = postSolution
		SolutionGuid = {B7D80680-00A3-425A-A39D-7604DAA22886}
	EndGlobalSection
EndGlobal
