
Microsoft Visual Studio Solution File, Format Version 12.00
# Visual Studio Version 16
VisualStudioVersion = 16.0.31624.102
MinimumVisualStudioVersion = 10.0.40219.1
Project("{FAE04EC0-301F-11D3-BF4B-00C04F79EFBC}") = "11_DayOfWeekSwitch", "11_DayOfWeekSwitch.csproj", "{A8325E04-1DF4-4230-A9EB-7888DC88F5EA}"
EndProject
Global
	GlobalSection(SolutionConfigurationPlatforms) = preSolution
		Debug|Any CPU = Debug|Any CPU
		Release|Any CPU = Release|Any CPU
	EndGlobalSection
	GlobalSection(ProjectConfigurationPlatforms) = postSolution
		{A8325E04-1DF4-4230-A9EB-7888DC88F5EA}.Debug|Any CPU.ActiveCfg = Debug|Any CPU
		{A8325E04-1DF4-4230-A9EB-7888DC88F5EA}.Debug|Any CPU.Build.0 = Debug|Any CPU
		{A8325E04-1DF4-4230-A9EB-7888DC88F5EA}.Release|Any CPU.ActiveCfg = Release|Any CPU
		{A8325E04-1DF4-4230-A9EB-7888DC88F5EA}.Release|Any CPU.Build.0 = Release|Any CPU
	EndGlobalSection
	GlobalSection(SolutionProperties) = preSolution
		HideSolutionNode = FALSE
	EndGlobalSection
	GlobalSection(ExtensibilityGlobals) = postSolution
		SolutionGuid = {A5EB5CF1-5853-474A-BC28-B7CE2637F966}
	EndGlobalSection
EndGlobal
