
Microsoft Visual Studio Solution File, Format Version 12.00
# Visual Studio Version 16
VisualStudioVersion = 16.0.31624.102
MinimumVisualStudioVersion = 10.0.40219.1
Project("{FAE04EC0-301F-11D3-BF4B-00C04F79EFBC}") = "01_Account", "01_Account.csproj", "{C38B12D0-FD5B-4270-A7E0-9AAB92AF27D2}"
EndProject
Global
	GlobalSection(SolutionConfigurationPlatforms) = preSolution
		Debug|Any CPU = Debug|Any CPU
		Release|Any CPU = Release|Any CPU
	EndGlobalSection
	GlobalSection(ProjectConfigurationPlatforms) = postSolution
		{C38B12D0-FD5B-4270-A7E0-9AAB92AF27D2}.Debug|Any CPU.ActiveCfg = Debug|Any CPU
		{C38B12D0-FD5B-4270-A7E0-9AAB92AF27D2}.Debug|Any CPU.Build.0 = Debug|Any CPU
		{C38B12D0-FD5B-4270-A7E0-9AAB92AF27D2}.Release|Any CPU.ActiveCfg = Release|Any CPU
		{C38B12D0-FD5B-4270-A7E0-9AAB92AF27D2}.Release|Any CPU.Build.0 = Release|Any CPU
	EndGlobalSection
	GlobalSection(SolutionProperties) = preSolution
		HideSolutionNode = FALSE
	EndGlobalSection
	GlobalSection(ExtensibilityGlobals) = postSolution
		SolutionGuid = {A7BE3708-AC0D-48D7-8160-0C1E14DFBF0A}
	EndGlobalSection
EndGlobal
