
Microsoft Visual Studio Solution File, Format Version 12.00
# Visual Studio Version 16
VisualStudioVersion = 16.0.31624.102
MinimumVisualStudioVersion = 10.0.40219.1
Project("{FAE04EC0-301F-11D3-BF4B-00C04F79EFBC}") = "16_SumWhile", "16_SumWhile.csproj", "{7092336F-DE59-40EC-B44C-CF44D52E2B07}"
EndProject
Global
	GlobalSection(SolutionConfigurationPlatforms) = preSolution
		Debug|Any CPU = Debug|Any CPU
		Release|Any CPU = Release|Any CPU
	EndGlobalSection
	GlobalSection(ProjectConfigurationPlatforms) = postSolution
		{7092336F-DE59-40EC-B44C-CF44D52E2B07}.Debug|Any CPU.ActiveCfg = Debug|Any CPU
		{7092336F-DE59-40EC-B44C-CF44D52E2B07}.Debug|Any CPU.Build.0 = Debug|Any CPU
		{7092336F-DE59-40EC-B44C-CF44D52E2B07}.Release|Any CPU.ActiveCfg = Release|Any CPU
		{7092336F-DE59-40EC-B44C-CF44D52E2B07}.Release|Any CPU.Build.0 = Release|Any CPU
	EndGlobalSection
	GlobalSection(SolutionProperties) = preSolution
		HideSolutionNode = FALSE
	EndGlobalSection
	GlobalSection(ExtensibilityGlobals) = postSolution
		SolutionGuid = {1E65F521-E9FB-4395-8704-86D630A6FC5B}
	EndGlobalSection
EndGlobal
