
Microsoft Visual Studio Solution File, Format Version 12.00
# Visual Studio Version 16
VisualStudioVersion = 16.0.31624.102
MinimumVisualStudioVersion = 10.0.40219.1
Project("{FAE04EC0-301F-11D3-BF4B-00C04F79EFBC}") = "10_Grade", "10_Grade.csproj", "{9FAB4BAD-1BC4-4920-B211-DB080722EB57}"
EndProject
Global
	GlobalSection(SolutionConfigurationPlatforms) = preSolution
		Debug|Any CPU = Debug|Any CPU
		Release|Any CPU = Release|Any CPU
	EndGlobalSection
	GlobalSection(ProjectConfigurationPlatforms) = postSolution
		{9FAB4BAD-1BC4-4920-B211-DB080722EB57}.Debug|Any CPU.ActiveCfg = Debug|Any CPU
		{9FAB4BAD-1BC4-4920-B211-DB080722EB57}.Debug|Any CPU.Build.0 = Debug|Any CPU
		{9FAB4BAD-1BC4-4920-B211-DB080722EB57}.Release|Any CPU.ActiveCfg = Release|Any CPU
		{9FAB4BAD-1BC4-4920-B211-DB080722EB57}.Release|Any CPU.Build.0 = Release|Any CPU
	EndGlobalSection
	GlobalSection(SolutionProperties) = preSolution
		HideSolutionNode = FALSE
	EndGlobalSection
	GlobalSection(ExtensibilityGlobals) = postSolution
		SolutionGuid = {F7E3D894-D64B-44F2-BD66-D700B9CE0DE2}
	EndGlobalSection
EndGlobal
