
Microsoft Visual Studio Solution File, Format Version 12.00
# Visual Studio Version 16
VisualStudioVersion = 16.0.31624.102
MinimumVisualStudioVersion = 10.0.40219.1
Project("{FAE04EC0-301F-11D3-BF4B-00C04F79EFBC}") = "25_ArrayPositives", "25_ArrayPositives.csproj", "{FA021358-2C62-4E85-BA6C-7C370986D1B4}"
EndProject
Global
	GlobalSection(SolutionConfigurationPlatforms) = preSolution
		Debug|Any CPU = Debug|Any CPU
		Release|Any CPU = Release|Any CPU
	EndGlobalSection
	GlobalSection(ProjectConfigurationPlatforms) = postSolution
		{FA021358-2C62-4E85-BA6C-7C370986D1B4}.Debug|Any CPU.ActiveCfg = Debug|Any CPU
		{FA021358-2C62-4E85-BA6C-7C370986D1B4}.Debug|Any CPU.Build.0 = Debug|Any CPU
		{FA021358-2C62-4E85-BA6C-7C370986D1B4}.Release|Any CPU.ActiveCfg = Release|Any CPU
		{FA021358-2C62-4E85-BA6C-7C370986D1B4}.Release|Any CPU.Build.0 = Release|Any CPU
	EndGlobalSection
	GlobalSection(SolutionProperties) = preSolution
		HideSolutionNode = FALSE
	EndGlobalSection
	GlobalSection(ExtensibilityGlobals) = postSolution
		SolutionGuid = {C7A21C77-90EB-4D7B-B100-3E1E2DAEE738}
	EndGlobalSection
EndGlobal
