
Microsoft Visual Studio Solution File, Format Version 12.00
# Visual Studio Version 16
VisualStudioVersion = 16.0.31624.102
MinimumVisualStudioVersion = 10.0.40219.1
Project("{FAE04EC0-301F-11D3-BF4B-00C04F79EFBC}") = "02_CakeTicket", "02_CakeTicket.csproj", "{9F053328-A603-499C-BB72-3C1E3B7F694F}"
EndProject
Global
	GlobalSection(SolutionConfigurationPlatforms) = preSolution
		Debug|Any CPU = Debug|Any CPU
		Release|Any CPU = Release|Any CPU
	EndGlobalSection
	GlobalSection(ProjectConfigurationPlatforms) = postSolution
		{9F053328-A603-499C-BB72-3C1E3B7F694F}.Debug|Any CPU.ActiveCfg = Debug|Any CPU
		{9F053328-A603-499C-BB72-3C1E3B7F694F}.Debug|Any CPU.Build.0 = Debug|Any CPU
		{9F053328-A603-499C-BB72-3C1E3B7F694F}.Release|Any CPU.ActiveCfg = Release|Any CPU
		{9F053328-A603-499C-BB72-3C1E3B7F694F}.Release|Any CPU.Build.0 = Release|Any CPU
	EndGlobalSection
	GlobalSection(SolutionProperties) = preSolution
		HideSolutionNode = FALSE
	EndGlobalSection
	GlobalSection(ExtensibilityGlobals) = postSolution
		SolutionGuid = {AF4DDD9C-A313-497A-B15F-546DF5F1289A}
	EndGlobalSection
EndGlobal
