
Microsoft Visual Studio Solution File, Format Version 12.00
# Visual Studio Version 16
VisualStudioVersion = 16.0.31624.102
MinimumVisualStudioVersion = 10.0.40219.1
Project("{FAE04EC0-301F-11D3-BF4B-00C04F79EFBC}") = "4_Inheritance", "4_Inheritance.csproj", "{FC2ABCED-F7C4-4A53-A8AB-66B179D6A90C}"
EndProject
Global
	GlobalSection(SolutionConfigurationPlatforms) = preSolution
		Debug|Any CPU = Debug|Any CPU
		Release|Any CPU = Release|Any CPU
	EndGlobalSection
	GlobalSection(ProjectConfigurationPlatforms) = postSolution
		{FC2ABCED-F7C4-4A53-A8AB-66B179D6A90C}.Debug|Any CPU.ActiveCfg = Debug|Any CPU
		{FC2ABCED-F7C4-4A53-A8AB-66B179D6A90C}.Debug|Any CPU.Build.0 = Debug|Any CPU
		{FC2ABCED-F7C4-4A53-A8AB-66B179D6A90C}.Release|Any CPU.ActiveCfg = Release|Any CPU
		{FC2ABCED-F7C4-4A53-A8AB-66B179D6A90C}.Release|Any CPU.Build.0 = Release|Any CPU
	EndGlobalSection
	GlobalSection(SolutionProperties) = preSolution
		HideSolutionNode = FALSE
	EndGlobalSection
	GlobalSection(ExtensibilityGlobals) = postSolution
		SolutionGuid = {39849881-763E-4BA1-B5CA-5BE274EA513A}
	EndGlobalSection
EndGlobal
