
Microsoft Visual Studio Solution File, Format Version 12.00
# Visual Studio Version 16
VisualStudioVersion = 16.0.31624.102
MinimumVisualStudioVersion = 10.0.40219.1
Project("{FAE04EC0-301F-11D3-BF4B-00C04F79EFBC}") = "Sum", "Sum\Sum.csproj", "{95E7575F-61E1-4F2F-A41E-93AF08F68248}"
EndProject
Global
	GlobalSection(SolutionConfigurationPlatforms) = preSolution
		Debug|Any CPU = Debug|Any CPU
		Release|Any CPU = Release|Any CPU
	EndGlobalSection
	GlobalSection(ProjectConfigurationPlatforms) = postSolution
		{95E7575F-61E1-4F2F-A41E-93AF08F68248}.Debug|Any CPU.ActiveCfg = Debug|Any CPU
		{95E7575F-61E1-4F2F-A41E-93AF08F68248}.Debug|Any CPU.Build.0 = Debug|Any CPU
		{95E7575F-61E1-4F2F-A41E-93AF08F68248}.Release|Any CPU.ActiveCfg = Release|Any CPU
		{95E7575F-61E1-4F2F-A41E-93AF08F68248}.Release|Any CPU.Build.0 = Release|Any CPU
	EndGlobalSection
	GlobalSection(SolutionProperties) = preSolution
		HideSolutionNode = FALSE
	EndGlobalSection
	GlobalSection(ExtensibilityGlobals) = postSolution
		SolutionGuid = {B4C7B503-48E7-49A3-96A7-0A5B0484F5C0}
	EndGlobalSection
EndGlobal
