
Microsoft Visual Studio Solution File, Format Version 12.00
# Visual Studio Version 16
VisualStudioVersion = 16.0.31624.102
MinimumVisualStudioVersion = 10.0.40219.1
Project("{FAE04EC0-301F-11D3-BF4B-00C04F79EFBC}") = "32_DrawRectangle", "32_DrawRectangle.csproj", "{EC1CCB70-B217-4AC8-9F2D-1BF5BCC721CF}"
EndProject
Global
	GlobalSection(SolutionConfigurationPlatforms) = preSolution
		Debug|Any CPU = Debug|Any CPU
		Release|Any CPU = Release|Any CPU
	EndGlobalSection
	GlobalSection(ProjectConfigurationPlatforms) = postSolution
		{EC1CCB70-B217-4AC8-9F2D-1BF5BCC721CF}.Debug|Any CPU.ActiveCfg = Debug|Any CPU
		{EC1CCB70-B217-4AC8-9F2D-1BF5BCC721CF}.Debug|Any CPU.Build.0 = Debug|Any CPU
		{EC1CCB70-B217-4AC8-9F2D-1BF5BCC721CF}.Release|Any CPU.ActiveCfg = Release|Any CPU
		{EC1CCB70-B217-4AC8-9F2D-1BF5BCC721CF}.Release|Any CPU.Build.0 = Release|Any CPU
	EndGlobalSection
	GlobalSection(SolutionProperties) = preSolution
		HideSolutionNode = FALSE
	EndGlobalSection
	GlobalSection(ExtensibilityGlobals) = postSolution
		SolutionGuid = {C19C5B7D-2CE9-405A-B611-B617D46ED269}
	EndGlobalSection
EndGlobal
