
Microsoft Visual Studio Solution File, Format Version 12.00
# Visual Studio Version 16
VisualStudioVersion = 16.0.31624.102
MinimumVisualStudioVersion = 10.0.40219.1
Project("{FAE04EC0-301F-11D3-BF4B-00C04F79EFBC}") = "33_DrawTriangleRectangle", "33_DrawTriangleRectangle.csproj", "{71713227-E8E7-43CC-84C0-E459936CD652}"
EndProject
Global
	GlobalSection(SolutionConfigurationPlatforms) = preSolution
		Debug|Any CPU = Debug|Any CPU
		Release|Any CPU = Release|Any CPU
	EndGlobalSection
	GlobalSection(ProjectConfigurationPlatforms) = postSolution
		{71713227-E8E7-43CC-84C0-E459936CD652}.Debug|Any CPU.ActiveCfg = Debug|Any CPU
		{71713227-E8E7-43CC-84C0-E459936CD652}.Debug|Any CPU.Build.0 = Debug|Any CPU
		{71713227-E8E7-43CC-84C0-E459936CD652}.Release|Any CPU.ActiveCfg = Release|Any CPU
		{71713227-E8E7-43CC-84C0-E459936CD652}.Release|Any CPU.Build.0 = Release|Any CPU
	EndGlobalSection
	GlobalSection(SolutionProperties) = preSolution
		HideSolutionNode = FALSE
	EndGlobalSection
	GlobalSection(ExtensibilityGlobals) = postSolution
		SolutionGuid = {BD3D57B3-2085-4498-89D7-6ECCF1583BEB}
	EndGlobalSection
EndGlobal
