
Microsoft Visual Studio Solution File, Format Version 12.00
# Visual Studio Version 16
VisualStudioVersion = 16.0.31624.102
MinimumVisualStudioVersion = 10.0.40219.1
Project("{FAE04EC0-301F-11D3-BF4B-00C04F79EFBC}") = "28_SumArray", "28_SumArray.csproj", "{7D69B2C0-E756-4C32-B7F8-33ECA2905953}"
EndProject
Global
	GlobalSection(SolutionConfigurationPlatforms) = preSolution
		Debug|Any CPU = Debug|Any CPU
		Release|Any CPU = Release|Any CPU
	EndGlobalSection
	GlobalSection(ProjectConfigurationPlatforms) = postSolution
		{7D69B2C0-E756-4C32-B7F8-33ECA2905953}.Debug|Any CPU.ActiveCfg = Debug|Any CPU
		{7D69B2C0-E756-4C32-B7F8-33ECA2905953}.Debug|Any CPU.Build.0 = Debug|Any CPU
		{7D69B2C0-E756-4C32-B7F8-33ECA2905953}.Release|Any CPU.ActiveCfg = Release|Any CPU
		{7D69B2C0-E756-4C32-B7F8-33ECA2905953}.Release|Any CPU.Build.0 = Release|Any CPU
	EndGlobalSection
	GlobalSection(SolutionProperties) = preSolution
		HideSolutionNode = FALSE
	EndGlobalSection
	GlobalSection(ExtensibilityGlobals) = postSolution
		SolutionGuid = {F12F0529-924D-4EC8-A1BF-D7F9CB0E099F}
	EndGlobalSection
EndGlobal
